// !$*UTF8*$!
{
	archiveVersion = 1;
	classes = {
	};
	objectVersion = 55;
	objects = {

/* Begin PBXBuildFile section */
		7A8922923814108F35950C5C /* Pods_Bankey.framework in Frameworks */ = {isa = PBXBuildFile; fileRef = F2CC4288C4725B8E3462A860 /* Pods_Bankey.framework */; };
		7B2D76C7278BB65E00A02A46 /* AppDelegate.swift in Sources */ = {isa = PBXBuildFile; fileRef = 7B2D76C6278BB65E00A02A46 /* AppDelegate.swift */; };
		7B2D76CB278BB65E00A02A46 /* LoginViewController.swift in Sources */ = {isa = PBXBuildFile; fileRef = 7B2D76CA278BB65E00A02A46 /* LoginViewController.swift */; };
		7B2D76D0278BB66600A02A46 /* Assets.xcassets in Resources */ = {isa = PBXBuildFile; fileRef = 7B2D76CF278BB66600A02A46 /* Assets.xcassets */; };
		7B2D76D3278BB66600A02A46 /* LaunchScreen.storyboard in Resources */ = {isa = PBXBuildFile; fileRef = 7B2D76D1278BB66600A02A46 /* LaunchScreen.storyboard */; };
		7B2D76E0278BC15A00A02A46 /* LoginView.swift in Sources */ = {isa = PBXBuildFile; fileRef = 7B2D76DF278BC15A00A02A46 /* LoginView.swift */; };
		7B2D76E3278C326800A02A46 /* bear.json in Resources */ = {isa = PBXBuildFile; fileRef = 7B2D76E2278C326700A02A46 /* bear.json */; };
		7B2D76E6278C415E00A02A46 /* loginImage.gif in Resources */ = {isa = PBXBuildFile; fileRef = 7B2D76E5278C415D00A02A46 /* loginImage.gif */; };
		7B2D76E9278C4E2F00A02A46 /* OnboardingContainerViewController.swift in Sources */ = {isa = PBXBuildFile; fileRef = 7B2D76E8278C4E2F00A02A46 /* OnboardingContainerViewController.swift */; };
		7B2D76EB278E46CD00A02A46 /* OnboardingViewController.swift in Sources */ = {isa = PBXBuildFile; fileRef = 7B2D76EA278E46CD00A02A46 /* OnboardingViewController.swift */; };
		7B2D76ED278FA06500A02A46 /* DummyViewController.swift in Sources */ = {isa = PBXBuildFile; fileRef = 7B2D76EC278FA06500A02A46 /* DummyViewController.swift */; };
		7B2D76F02792458500A02A46 /* LocalState.swift in Sources */ = {isa = PBXBuildFile; fileRef = 7B2D76EF2792458400A02A46 /* LocalState.swift */; };
		7B2D76F22792AF5400A02A46 /* UIViewController+UIKit.swift in Sources */ = {isa = PBXBuildFile; fileRef = 7B2D76F12792AF5300A02A46 /* UIViewController+UIKit.swift */; };
		7B7C432C27CB140600066779 /* ShakeyBellView.swift in Sources */ = {isa = PBXBuildFile; fileRef = 7B7C432B27CB140600066779 /* ShakeyBellView.swift */; };
		7B7C435127CB2F0C00066779 /* shakey-button.gif in Resources */ = {isa = PBXBuildFile; fileRef = 7B7C435027CB2F0C00066779 /* shakey-button.gif */; };
		7B810B7A27B67BF9001FB218 /* AccountSummaryCell.swift in Sources */ = {isa = PBXBuildFile; fileRef = 7B810B7927B67BF9001FB218 /* AccountSummaryCell.swift */; };
		7B810B7C27B8AE11001FB218 /* Decimal+Utils.swift in Sources */ = {isa = PBXBuildFile; fileRef = 7B810B7B27B8AE11001FB218 /* Decimal+Utils.swift */; };
		7B810B7E27B8AEB1001FB218 /* CurrencyFormatter.swift in Sources */ = {isa = PBXBuildFile; fileRef = 7B810B7D27B8AEB1001FB218 /* CurrencyFormatter.swift */; };
		7B810B8D27B8C7AA001FB218 /* CurrencyFormatterTests.swift in Sources */ = {isa = PBXBuildFile; fileRef = 7B810B8C27B8C7AA001FB218 /* CurrencyFormatterTests.swift */; };
		7B810B8F27B8F551001FB218 /* NSNotificationName.swift in Sources */ = {isa = PBXBuildFile; fileRef = 7B810B8E27B8F551001FB218 /* NSNotificationName.swift */; };
		7B810B9127B8FC15001FB218 /* UITextField+SecureToggle.swift in Sources */ = {isa = PBXBuildFile; fileRef = 7B810B9027B8FC15001FB218 /* UITextField+SecureToggle.swift */; };
		7BAEB80E2793A7ED00E94D6D /* MainViewController.swift in Sources */ = {isa = PBXBuildFile; fileRef = 7BAEB80D2793A7ED00E94D6D /* MainViewController.swift */; };
		7BAEB8112793E0A900E94D6D /* AccountSummaryViewController.swift in Sources */ = {isa = PBXBuildFile; fileRef = 7BAEB8102793E0A900E94D6D /* AccountSummaryViewController.swift */; };
		7BAEB8132793F6FA00E94D6D /* AccoutSummaryHeaderView.swift in Sources */ = {isa = PBXBuildFile; fileRef = 7BAEB8122793F6FA00E94D6D /* AccoutSummaryHeaderView.swift */; };
		7BAEB8152793F79F00E94D6D /* AccountSummaryHeaderView.xib in Resources */ = {isa = PBXBuildFile; fileRef = 7BAEB8142793F79E00E94D6D /* AccountSummaryHeaderView.xib */; };
/* End PBXBuildFile section */

/* Begin PBXContainerItemProxy section */
		7B810B8727B8C3C8001FB218 /* PBXContainerItemProxy */ = {
			isa = PBXContainerItemProxy;
			containerPortal = 7B2D76BB278BB65E00A02A46 /* Project object */;
			proxyType = 1;
			remoteGlobalIDString = 7B2D76C2278BB65E00A02A46;
			remoteInfo = Bankey;
		};
/* End PBXContainerItemProxy section */

/* Begin PBXFileReference section */
		25773CAC973AAF80980466ED /* Pods-Bankey.release.xcconfig */ = {isa = PBXFileReference; includeInIndex = 1; lastKnownFileType = text.xcconfig; name = "Pods-Bankey.release.xcconfig"; path = "Target Support Files/Pods-Bankey/Pods-Bankey.release.xcconfig"; sourceTree = "<group>"; };
		5CBAFB9E62E73A5274079936 /* Pods-Bankey.debug.xcconfig */ = {isa = PBXFileReference; includeInIndex = 1; lastKnownFileType = text.xcconfig; name = "Pods-Bankey.debug.xcconfig"; path = "Target Support Files/Pods-Bankey/Pods-Bankey.debug.xcconfig"; sourceTree = "<group>"; };
		7B2D76C3278BB65E00A02A46 /* Bankey.app */ = {isa = PBXFileReference; explicitFileType = wrapper.application; includeInIndex = 0; path = Bankey.app; sourceTree = BUILT_PRODUCTS_DIR; };
		7B2D76C6278BB65E00A02A46 /* AppDelegate.swift */ = {isa = PBXFileReference; lastKnownFileType = sourcecode.swift; path = AppDelegate.swift; sourceTree = "<group>"; };
		7B2D76CA278BB65E00A02A46 /* LoginViewController.swift */ = {isa = PBXFileReference; lastKnownFileType = sourcecode.swift; path = LoginViewController.swift; sourceTree = "<group>"; };
		7B2D76CF278BB66600A02A46 /* Assets.xcassets */ = {isa = PBXFileReference; lastKnownFileType = folder.assetcatalog; path = Assets.xcassets; sourceTree = "<group>"; };
		7B2D76D2278BB66600A02A46 /* Base */ = {isa = PBXFileReference; lastKnownFileType = file.storyboard; name = Base; path = Base.lproj/LaunchScreen.storyboard; sourceTree = "<group>"; };
		7B2D76D4278BB66600A02A46 /* Info.plist */ = {isa = PBXFileReference; lastKnownFileType = text.plist.xml; path = Info.plist; sourceTree = "<group>"; };
		7B2D76DF278BC15A00A02A46 /* LoginView.swift */ = {isa = PBXFileReference; lastKnownFileType = sourcecode.swift; path = LoginView.swift; sourceTree = "<group>"; };
		7B2D76E2278C326700A02A46 /* bear.json */ = {isa = PBXFileReference; fileEncoding = 4; lastKnownFileType = text.json; path = bear.json; sourceTree = "<group>"; };
		7B2D76E5278C415D00A02A46 /* loginImage.gif */ = {isa = PBXFileReference; lastKnownFileType = image.gif; path = loginImage.gif; sourceTree = "<group>"; };
		7B2D76E8278C4E2F00A02A46 /* OnboardingContainerViewController.swift */ = {isa = PBXFileReference; lastKnownFileType = sourcecode.swift; path = OnboardingContainerViewController.swift; sourceTree = "<group>"; };
		7B2D76EA278E46CD00A02A46 /* OnboardingViewController.swift */ = {isa = PBXFileReference; lastKnownFileType = sourcecode.swift; path = OnboardingViewController.swift; sourceTree = "<group>"; };
		7B2D76EC278FA06500A02A46 /* DummyViewController.swift */ = {isa = PBXFileReference; lastKnownFileType = sourcecode.swift; path = DummyViewController.swift; sourceTree = "<group>"; };
		7B2D76EF2792458400A02A46 /* LocalState.swift */ = {isa = PBXFileReference; lastKnownFileType = sourcecode.swift; path = LocalState.swift; sourceTree = "<group>"; };
		7B2D76F12792AF5300A02A46 /* UIViewController+UIKit.swift */ = {isa = PBXFileReference; lastKnownFileType = sourcecode.swift; path = "UIViewController+UIKit.swift"; sourceTree = "<group>"; };
		7B7C432B27CB140600066779 /* ShakeyBellView.swift */ = {isa = PBXFileReference; lastKnownFileType = sourcecode.swift; path = ShakeyBellView.swift; sourceTree = "<group>"; };
		7B7C435027CB2F0C00066779 /* shakey-button.gif */ = {isa = PBXFileReference; lastKnownFileType = image.gif; path = "shakey-button.gif"; sourceTree = "<group>"; };
		7B810B7927B67BF9001FB218 /* AccountSummaryCell.swift */ = {isa = PBXFileReference; lastKnownFileType = sourcecode.swift; path = AccountSummaryCell.swift; sourceTree = "<group>"; };
		7B810B7B27B8AE11001FB218 /* Decimal+Utils.swift */ = {isa = PBXFileReference; lastKnownFileType = sourcecode.swift; path = "Decimal+Utils.swift"; sourceTree = "<group>"; };
		7B810B7D27B8AEB1001FB218 /* CurrencyFormatter.swift */ = {isa = PBXFileReference; lastKnownFileType = sourcecode.swift; path = CurrencyFormatter.swift; sourceTree = "<group>"; };
		7B810B8327B8C3C7001FB218 /* BankeyUnitTests.xctest */ = {isa = PBXFileReference; explicitFileType = wrapper.cfbundle; includeInIndex = 0; path = BankeyUnitTests.xctest; sourceTree = BUILT_PRODUCTS_DIR; };
		7B810B8C27B8C7AA001FB218 /* CurrencyFormatterTests.swift */ = {isa = PBXFileReference; lastKnownFileType = sourcecode.swift; path = CurrencyFormatterTests.swift; sourceTree = "<group>"; };
		7B810B8E27B8F551001FB218 /* NSNotificationName.swift */ = {isa = PBXFileReference; lastKnownFileType = sourcecode.swift; path = NSNotificationName.swift; sourceTree = "<group>"; };
		7B810B9027B8FC15001FB218 /* UITextField+SecureToggle.swift */ = {isa = PBXFileReference; lastKnownFileType = sourcecode.swift; path = "UITextField+SecureToggle.swift"; sourceTree = "<group>"; };
		7BAEB80D2793A7ED00E94D6D /* MainViewController.swift */ = {isa = PBXFileReference; lastKnownFileType = sourcecode.swift; path = MainViewController.swift; sourceTree = "<group>"; };
		7BAEB8102793E0A900E94D6D /* AccountSummaryViewController.swift */ = {isa = PBXFileReference; lastKnownFileType = sourcecode.swift; path = AccountSummaryViewController.swift; sourceTree = "<group>"; };
		7BAEB8122793F6FA00E94D6D /* AccoutSummaryHeaderView.swift */ = {isa = PBXFileReference; lastKnownFileType = sourcecode.swift; path = AccoutSummaryHeaderView.swift; sourceTree = "<group>"; };
		7BAEB8142793F79E00E94D6D /* AccountSummaryHeaderView.xib */ = {isa = PBXFileReference; lastKnownFileType = file.xib; path = AccountSummaryHeaderView.xib; sourceTree = "<group>"; };
		F2CC4288C4725B8E3462A860 /* Pods_Bankey.framework */ = {isa = PBXFileReference; explicitFileType = wrapper.framework; includeInIndex = 0; path = Pods_Bankey.framework; sourceTree = BUILT_PRODUCTS_DIR; };
/* End PBXFileReference section */

/* Begin PBXFrameworksBuildPhase section */
		7B2D76C0278BB65E00A02A46 /* Frameworks */ = {
			isa = PBXFrameworksBuildPhase;
			buildActionMask = 2147483647;
			files = (
				7A8922923814108F35950C5C /* Pods_Bankey.framework in Frameworks */,
			);
			runOnlyForDeploymentPostprocessing = 0;
		};
		7B810B8027B8C3C7001FB218 /* Frameworks */ = {
			isa = PBXFrameworksBuildPhase;
			buildActionMask = 2147483647;
			files = (
			);
			runOnlyForDeploymentPostprocessing = 0;
		};
/* End PBXFrameworksBuildPhase section */

/* Begin PBXGroup section */
		7B2D76BA278BB65E00A02A46 = {
			isa = PBXGroup;
			children = (
				7B2D76C5278BB65E00A02A46 /* Bankey */,
				7B810B8427B8C3C8001FB218 /* BankeyUnitTests */,
				7B2D76C4278BB65E00A02A46 /* Products */,
				88651D774FECDADC1C0A1033 /* Pods */,
				E289A9F21CD18978443CA68C /* Frameworks */,
			);
			sourceTree = "<group>";
		};
		7B2D76C4278BB65E00A02A46 /* Products */ = {
			isa = PBXGroup;
			children = (
				7B2D76C3278BB65E00A02A46 /* Bankey.app */,
				7B810B8327B8C3C7001FB218 /* BankeyUnitTests.xctest */,
			);
			name = Products;
			sourceTree = "<group>";
		};
		7B2D76C5278BB65E00A02A46 /* Bankey */ = {
			isa = PBXGroup;
			children = (
				7B2D76C6278BB65E00A02A46 /* AppDelegate.swift */,
				7BAEB80D2793A7ED00E94D6D /* MainViewController.swift */,
				7B2D76DC278BC10200A02A46 /* Login */,
				7B2D76E7278C4DC800A02A46 /* Onboarding */,
				7BAEB80F2793E05900E94D6D /* AccountSummary */,
				7B2D76EE279244FB00A02A46 /* Utils */,
				7B2D76E1278C324000A02A46 /* Animation */,
				7B7C432A27CB13B500066779 /* Components */,
				7B2D76DA278BC01000A02A46 /* Files */,
			);
			path = Bankey;
			sourceTree = "<group>";
		};
		7B2D76DA278BC01000A02A46 /* Files */ = {
			isa = PBXGroup;
			children = (
				7B2D76E4278C40BF00A02A46 /* Gif */,
				7B2D76CF278BB66600A02A46 /* Assets.xcassets */,
				7B2D76D1278BB66600A02A46 /* LaunchScreen.storyboard */,
				7B2D76D4278BB66600A02A46 /* Info.plist */,
			);
			name = Files;
			sourceTree = "<group>";
		};
		7B2D76DC278BC10200A02A46 /* Login */ = {
			isa = PBXGroup;
			children = (
				7B2D76DF278BC15A00A02A46 /* LoginView.swift */,
				7B2D76CA278BB65E00A02A46 /* LoginViewController.swift */,
				7B2D76EC278FA06500A02A46 /* DummyViewController.swift */,
			);
			path = Login;
			sourceTree = "<group>";
		};
		7B2D76E1278C324000A02A46 /* Animation */ = {
			isa = PBXGroup;
			children = (
				7B2D76E2278C326700A02A46 /* bear.json */,
			);
			path = Animation;
			sourceTree = "<group>";
		};
		7B2D76E4278C40BF00A02A46 /* Gif */ = {
			isa = PBXGroup;
			children = (
				7B7C435027CB2F0C00066779 /* shakey-button.gif */,
				7B2D76E5278C415D00A02A46 /* loginImage.gif */,
			);
			path = Gif;
			sourceTree = "<group>";
		};
		7B2D76E7278C4DC800A02A46 /* Onboarding */ = {
			isa = PBXGroup;
			children = (
				7B2D76E8278C4E2F00A02A46 /* OnboardingContainerViewController.swift */,
				7B2D76EA278E46CD00A02A46 /* OnboardingViewController.swift */,
			);
			path = Onboarding;
			sourceTree = "<group>";
		};
		7B2D76EE279244FB00A02A46 /* Utils */ = {
			isa = PBXGroup;
			children = (
				7B2D76F12792AF5300A02A46 /* UIViewController+UIKit.swift */,
				7B810B7B27B8AE11001FB218 /* Decimal+Utils.swift */,
				7B810B9027B8FC15001FB218 /* UITextField+SecureToggle.swift */,
				7B2D76EF2792458400A02A46 /* LocalState.swift */,
				7B810B7D27B8AEB1001FB218 /* CurrencyFormatter.swift */,
				7B810B8E27B8F551001FB218 /* NSNotificationName.swift */,
			);
			path = Utils;
			sourceTree = "<group>";
		};
		7B7C432A27CB13B500066779 /* Components */ = {
			isa = PBXGroup;
			children = (
				7B7C432B27CB140600066779 /* ShakeyBellView.swift */,
			);
			path = Components;
			sourceTree = "<group>";
		};
		7B810B7727B67B77001FB218 /* Header */ = {
			isa = PBXGroup;
			children = (
				7BAEB8122793F6FA00E94D6D /* AccoutSummaryHeaderView.swift */,
				7BAEB8142793F79E00E94D6D /* AccountSummaryHeaderView.xib */,
			);
			path = Header;
			sourceTree = "<group>";
		};
		7B810B7827B67BA1001FB218 /* Cells */ = {
			isa = PBXGroup;
			children = (
				7B810B7927B67BF9001FB218 /* AccountSummaryCell.swift */,
			);
			path = Cells;
			sourceTree = "<group>";
		};
		7B810B8427B8C3C8001FB218 /* BankeyUnitTests */ = {
			isa = PBXGroup;
			children = (
				7B810B8C27B8C7AA001FB218 /* CurrencyFormatterTests.swift */,
			);
			path = BankeyUnitTests;
			sourceTree = "<group>";
		};
		7BAEB80F2793E05900E94D6D /* AccountSummary */ = {
			isa = PBXGroup;
			children = (
				7BAEB8102793E0A900E94D6D /* AccountSummaryViewController.swift */,
				7B810B7727B67B77001FB218 /* Header */,
				7B810B7827B67BA1001FB218 /* Cells */,
			);
			path = AccountSummary;
			sourceTree = "<group>";
		};
		88651D774FECDADC1C0A1033 /* Pods */ = {
			isa = PBXGroup;
			children = (
				5CBAFB9E62E73A5274079936 /* Pods-Bankey.debug.xcconfig */,
				25773CAC973AAF80980466ED /* Pods-Bankey.release.xcconfig */,
			);
			path = Pods;
			sourceTree = "<group>";
		};
		E289A9F21CD18978443CA68C /* Frameworks */ = {
			isa = PBXGroup;
			children = (
				F2CC4288C4725B8E3462A860 /* Pods_Bankey.framework */,
			);
			name = Frameworks;
			sourceTree = "<group>";
		};
/* End PBXGroup section */

/* Begin PBXNativeTarget section */
		7B2D76C2278BB65E00A02A46 /* Bankey */ = {
			isa = PBXNativeTarget;
			buildConfigurationList = 7B2D76D7278BB66600A02A46 /* Build configuration list for PBXNativeTarget "Bankey" */;
			buildPhases = (
				3CD5F123FF647D8E748292DC /* [CP] Check Pods Manifest.lock */,
				7B2D76BF278BB65E00A02A46 /* Sources */,
				7B2D76C0278BB65E00A02A46 /* Frameworks */,
				7B2D76C1278BB65E00A02A46 /* Resources */,
				75CE414764794FA6A21623C6 /* [CP] Embed Pods Frameworks */,
			);
			buildRules = (
			);
			dependencies = (
			);
			name = Bankey;
			productName = Bankey;
			productReference = 7B2D76C3278BB65E00A02A46 /* Bankey.app */;
			productType = "com.apple.product-type.application";
		};
		7B810B8227B8C3C7001FB218 /* BankeyUnitTests */ = {
			isa = PBXNativeTarget;
			buildConfigurationList = 7B810B8927B8C3C8001FB218 /* Build configuration list for PBXNativeTarget "BankeyUnitTests" */;
			buildPhases = (
				7B810B7F27B8C3C7001FB218 /* Sources */,
				7B810B8027B8C3C7001FB218 /* Frameworks */,
				7B810B8127B8C3C7001FB218 /* Resources */,
			);
			buildRules = (
			);
			dependencies = (
				7B810B8827B8C3C8001FB218 /* PBXTargetDependency */,
			);
			name = BankeyUnitTests;
			productName = BankeyUnitTests;
			productReference = 7B810B8327B8C3C7001FB218 /* BankeyUnitTests.xctest */;
			productType = "com.apple.product-type.bundle.unit-test";
		};
/* End PBXNativeTarget section */

/* Begin PBXProject section */
		7B2D76BB278BB65E00A02A46 /* Project object */ = {
			isa = PBXProject;
			attributes = {
				BuildIndependentTargetsInParallel = 1;
				LastSwiftUpdateCheck = 1320;
				LastUpgradeCheck = 1320;
				TargetAttributes = {
					7B2D76C2278BB65E00A02A46 = {
						CreatedOnToolsVersion = 13.2.1;
					};
					7B810B8227B8C3C7001FB218 = {
						CreatedOnToolsVersion = 13.2.1;
						LastSwiftMigration = 1320;
						TestTargetID = 7B2D76C2278BB65E00A02A46;
					};
				};
			};
			buildConfigurationList = 7B2D76BE278BB65E00A02A46 /* Build configuration list for PBXProject "Bankey" */;
			compatibilityVersion = "Xcode 13.0";
			developmentRegion = en;
			hasScannedForEncodings = 0;
			knownRegions = (
				en,
				Base,
			);
			mainGroup = 7B2D76BA278BB65E00A02A46;
			productRefGroup = 7B2D76C4278BB65E00A02A46 /* Products */;
			projectDirPath = "";
			projectRoot = "";
			targets = (
				7B2D76C2278BB65E00A02A46 /* Bankey */,
				7B810B8227B8C3C7001FB218 /* BankeyUnitTests */,
			);
		};
/* End PBXProject section */

/* Begin PBXResourcesBuildPhase section */
		7B2D76C1278BB65E00A02A46 /* Resources */ = {
			isa = PBXResourcesBuildPhase;
			buildActionMask = 2147483647;
			files = (
				7B2D76E3278C326800A02A46 /* bear.json in Resources */,
				7BAEB8152793F79F00E94D6D /* AccountSummaryHeaderView.xib in Resources */,
				7B2D76D3278BB66600A02A46 /* LaunchScreen.storyboard in Resources */,
				7B2D76E6278C415E00A02A46 /* loginImage.gif in Resources */,
				7B2D76D0278BB66600A02A46 /* Assets.xcassets in Resources */,
				7B7C435127CB2F0C00066779 /* shakey-button.gif in Resources */,
			);
			runOnlyForDeploymentPostprocessing = 0;
		};
		7B810B8127B8C3C7001FB218 /* Resources */ = {
			isa = PBXResourcesBuildPhase;
			buildActionMask = 2147483647;
			files = (
			);
			runOnlyForDeploymentPostprocessing = 0;
		};
/* End PBXResourcesBuildPhase section */

/* Begin PBXShellScriptBuildPhase section */
		3CD5F123FF647D8E748292DC /* [CP] Check Pods Manifest.lock */ = {
			isa = PBXShellScriptBuildPhase;
			buildActionMask = 2147483647;
			files = (
			);
			inputFileListPaths = (
			);
			inputPaths = (
				"${PODS_PODFILE_DIR_PATH}/Podfile.lock",
				"${PODS_ROOT}/Manifest.lock",
			);
			name = "[CP] Check Pods Manifest.lock";
			outputFileListPaths = (
			);
			outputPaths = (
				"$(DERIVED_FILE_DIR)/Pods-Bankey-checkManifestLockResult.txt",
			);
			runOnlyForDeploymentPostprocessing = 0;
			shellPath = /bin/sh;
			shellScript = "diff \"${PODS_PODFILE_DIR_PATH}/Podfile.lock\" \"${PODS_ROOT}/Manifest.lock\" > /dev/null\nif [ $? != 0 ] ; then\n    # print error to STDERR\n    echo \"error: The sandbox is not in sync with the Podfile.lock. Run 'pod install' or update your CocoaPods installation.\" >&2\n    exit 1\nfi\n# This output is used by Xcode 'outputs' to avoid re-running this script phase.\necho \"SUCCESS\" > \"${SCRIPT_OUTPUT_FILE_0}\"\n";
			showEnvVarsInLog = 0;
		};
		75CE414764794FA6A21623C6 /* [CP] Embed Pods Frameworks */ = {
			isa = PBXShellScriptBuildPhase;
			buildActionMask = 2147483647;
			files = (
			);
			inputFileListPaths = (
				"${PODS_ROOT}/Target Support Files/Pods-Bankey/Pods-Bankey-frameworks-${CONFIGURATION}-input-files.xcfilelist",
			);
			name = "[CP] Embed Pods Frameworks";
			outputFileListPaths = (
				"${PODS_ROOT}/Target Support Files/Pods-Bankey/Pods-Bankey-frameworks-${CONFIGURATION}-output-files.xcfilelist",
			);
			runOnlyForDeploymentPostprocessing = 0;
			shellPath = /bin/sh;
			shellScript = "\"${PODS_ROOT}/Target Support Files/Pods-Bankey/Pods-Bankey-frameworks.sh\"\n";
			showEnvVarsInLog = 0;
		};
/* End PBXShellScriptBuildPhase section */

/* Begin PBXSourcesBuildPhase section */
		7B2D76BF278BB65E00A02A46 /* Sources */ = {
			isa = PBXSourcesBuildPhase;
			buildActionMask = 2147483647;
			files = (
				7B2D76E0278BC15A00A02A46 /* LoginView.swift in Sources */,
				7B2D76F02792458500A02A46 /* LocalState.swift in Sources */,
				7BAEB8132793F6FA00E94D6D /* AccoutSummaryHeaderView.swift in Sources */,
				7B2D76ED278FA06500A02A46 /* DummyViewController.swift in Sources */,
				7B810B9127B8FC15001FB218 /* UITextField+SecureToggle.swift in Sources */,
				7B2D76CB278BB65E00A02A46 /* LoginViewController.swift in Sources */,
				7B810B7E27B8AEB1001FB218 /* CurrencyFormatter.swift in Sources */,
				7B810B7C27B8AE11001FB218 /* Decimal+Utils.swift in Sources */,
				7B810B8F27B8F551001FB218 /* NSNotificationName.swift in Sources */,
				7B2D76EB278E46CD00A02A46 /* OnboardingViewController.swift in Sources */,
				7B7C432C27CB140600066779 /* ShakeyBellView.swift in Sources */,
				7B810B7A27B67BF9001FB218 /* AccountSummaryCell.swift in Sources */,
				7B2D76F22792AF5400A02A46 /* UIViewController+UIKit.swift in Sources */,
				7BAEB80E2793A7ED00E94D6D /* MainViewController.swift in Sources */,
				7BAEB8112793E0A900E94D6D /* AccountSummaryViewController.swift in Sources */,
				7B2D76C7278BB65E00A02A46 /* AppDelegate.swift in Sources */,
				7B2D76E9278C4E2F00A02A46 /* OnboardingContainerViewController.swift in Sources */,
			);
			runOnlyForDeploymentPostprocessing = 0;
		};
		7B810B7F27B8C3C7001FB218 /* Sources */ = {
			isa = PBXSourcesBuildPhase;
			buildActionMask = 2147483647;
			files = (
				7B810B8D27B8C7AA001FB218 /* CurrencyFormatterTests.swift in Sources */,
			);
			runOnlyForDeploymentPostprocessing = 0;
		};
/* End PBXSourcesBuildPhase section */

/* Begin PBXTargetDependency section */
		7B810B8827B8C3C8001FB218 /* PBXTargetDependency */ = {
			isa = PBXTargetDependency;
			target = 7B2D76C2278BB65E00A02A46 /* Bankey */;
			targetProxy = 7B810B8727B8C3C8001FB218 /* PBXContainerItemProxy */;
		};
/* End PBXTargetDependency section */

/* Begin PBXVariantGroup section */
		7B2D76D1278BB66600A02A46 /* LaunchScreen.storyboard */ = {
			isa = PBXVariantGroup;
			children = (
				7B2D76D2278BB66600A02A46 /* Base */,
			);
			name = LaunchScreen.storyboard;
			sourceTree = "<group>";
		};
/* End PBXVariantGroup section */

/* Begin XCBuildConfiguration section */
		7B2D76D5278BB66600A02A46 /* Debug */ = {
			isa = XCBuildConfiguration;
			buildSettings = {
				ALWAYS_SEARCH_USER_PATHS = NO;
				CLANG_ANALYZER_NONNULL = YES;
				CLANG_ANALYZER_NUMBER_OBJECT_CONVERSION = YES_AGGRESSIVE;
				CLANG_CXX_LANGUAGE_STANDARD = "gnu++17";
				CLANG_CXX_LIBRARY = "libc++";
				CLANG_ENABLE_MODULES = YES;
				CLANG_ENABLE_OBJC_ARC = YES;
				CLANG_ENABLE_OBJC_WEAK = YES;
				CLANG_WARN_BLOCK_CAPTURE_AUTORELEASING = YES;
				CLANG_WARN_BOOL_CONVERSION = YES;
				CLANG_WARN_COMMA = YES;
				CLANG_WARN_CONSTANT_CONVERSION = YES;
				CLANG_WARN_DEPRECATED_OBJC_IMPLEMENTATIONS = YES;
				CLANG_WARN_DIRECT_OBJC_ISA_USAGE = YES_ERROR;
				CLANG_WARN_DOCUMENTATION_COMMENTS = YES;
				CLANG_WARN_EMPTY_BODY = YES;
				CLANG_WARN_ENUM_CONVERSION = YES;
				CLANG_WARN_INFINITE_RECURSION = YES;
				CLANG_WARN_INT_CONVERSION = YES;
				CLANG_WARN_NON_LITERAL_NULL_CONVERSION = YES;
				CLANG_WARN_OBJC_IMPLICIT_RETAIN_SELF = YES;
				CLANG_WARN_OBJC_LITERAL_CONVERSION = YES;
				CLANG_WARN_OBJC_ROOT_CLASS = YES_ERROR;
				CLANG_WARN_QUOTED_INCLUDE_IN_FRAMEWORK_HEADER = YES;
				CLANG_WARN_RANGE_LOOP_ANALYSIS = YES;
				CLANG_WARN_STRICT_PROTOTYPES = YES;
				CLANG_WARN_SUSPICIOUS_MOVE = YES;
				CLANG_WARN_UNGUARDED_AVAILABILITY = YES_AGGRESSIVE;
				CLANG_WARN_UNREACHABLE_CODE = YES;
				CLANG_WARN__DUPLICATE_METHOD_MATCH = YES;
				COPY_PHASE_STRIP = NO;
				DEBUG_INFORMATION_FORMAT = dwarf;
				ENABLE_STRICT_OBJC_MSGSEND = YES;
				ENABLE_TESTABILITY = YES;
				GCC_C_LANGUAGE_STANDARD = gnu11;
				GCC_DYNAMIC_NO_PIC = NO;
				GCC_NO_COMMON_BLOCKS = YES;
				GCC_OPTIMIZATION_LEVEL = 0;
				GCC_PREPROCESSOR_DEFINITIONS = (
					"DEBUG=1",
					"$(inherited)",
				);
				GCC_WARN_64_TO_32_BIT_CONVERSION = YES;
				GCC_WARN_ABOUT_RETURN_TYPE = YES_ERROR;
				GCC_WARN_UNDECLARED_SELECTOR = YES;
				GCC_WARN_UNINITIALIZED_AUTOS = YES_AGGRESSIVE;
				GCC_WARN_UNUSED_FUNCTION = YES;
				GCC_WARN_UNUSED_VARIABLE = YES;
				IPHONEOS_DEPLOYMENT_TARGET = 15.2;
				MTL_ENABLE_DEBUG_INFO = INCLUDE_SOURCE;
				MTL_FAST_MATH = YES;
				ONLY_ACTIVE_ARCH = YES;
				SDKROOT = iphoneos;
				SWIFT_ACTIVE_COMPILATION_CONDITIONS = DEBUG;
				SWIFT_OPTIMIZATION_LEVEL = "-Onone";
			};
			name = Debug;
		};
		7B2D76D6278BB66600A02A46 /* Release */ = {
			isa = XCBuildConfiguration;
			buildSettings = {
				ALWAYS_SEARCH_USER_PATHS = NO;
				CLANG_ANALYZER_NONNULL = YES;
				CLANG_ANALYZER_NUMBER_OBJECT_CONVERSION = YES_AGGRESSIVE;
				CLANG_CXX_LANGUAGE_STANDARD = "gnu++17";
				CLANG_CXX_LIBRARY = "libc++";
				CLANG_ENABLE_MODULES = YES;
				CLANG_ENABLE_OBJC_ARC = YES;
				CLANG_ENABLE_OBJC_WEAK = YES;
				CLANG_WARN_BLOCK_CAPTURE_AUTORELEASING = YES;
				CLANG_WARN_BOOL_CONVERSION = YES;
				CLANG_WARN_COMMA = YES;
				CLANG_WARN_CONSTANT_CONVERSION = YES;
				CLANG_WARN_DEPRECATED_OBJC_IMPLEMENTATIONS = YES;
				CLANG_WARN_DIRECT_OBJC_ISA_USAGE = YES_ERROR;
				CLANG_WARN_DOCUMENTATION_COMMENTS = YES;
				CLANG_WARN_EMPTY_BODY = YES;
				CLANG_WARN_ENUM_CONVERSION = YES;
				CLANG_WARN_INFINITE_RECURSION = YES;
				CLANG_WARN_INT_CONVERSION = YES;
				CLANG_WARN_NON_LITERAL_NULL_CONVERSION = YES;
				CLANG_WARN_OBJC_IMPLICIT_RETAIN_SELF = YES;
				CLANG_WARN_OBJC_LITERAL_CONVERSION = YES;
				CLANG_WARN_OBJC_ROOT_CLASS = YES_ERROR;
				CLANG_WARN_QUOTED_INCLUDE_IN_FRAMEWORK_HEADER = YES;
				CLANG_WARN_RANGE_LOOP_ANALYSIS = YES;
				CLANG_WARN_STRICT_PROTOTYPES = YES;
				CLANG_WARN_SUSPICIOUS_MOVE = YES;
				CLANG_WARN_UNGUARDED_AVAILABILITY = YES_AGGRESSIVE;
				CLANG_WARN_UNREACHABLE_CODE = YES;
				CLANG_WARN__DUPLICATE_METHOD_MATCH = YES;
				COPY_PHASE_STRIP = NO;
				DEBUG_INFORMATION_FORMAT = "dwarf-with-dsym";
				ENABLE_NS_ASSERTIONS = NO;
				ENABLE_STRICT_OBJC_MSGSEND = YES;
				GCC_C_LANGUAGE_STANDARD = gnu11;
				GCC_NO_COMMON_BLOCKS = YES;
				GCC_WARN_64_TO_32_BIT_CONVERSION = YES;
				GCC_WARN_ABOUT_RETURN_TYPE = YES_ERROR;
				GCC_WARN_UNDECLARED_SELECTOR = YES;
				GCC_WARN_UNINITIALIZED_AUTOS = YES_AGGRESSIVE;
				GCC_WARN_UNUSED_FUNCTION = YES;
				GCC_WARN_UNUSED_VARIABLE = YES;
				IPHONEOS_DEPLOYMENT_TARGET = 15.2;
				MTL_ENABLE_DEBUG_INFO = NO;
				MTL_FAST_MATH = YES;
				SDKROOT = iphoneos;
				SWIFT_COMPILATION_MODE = wholemodule;
				SWIFT_OPTIMIZATION_LEVEL = "-O";
				VALIDATE_PRODUCT = YES;
			};
			name = Release;
		};
		7B2D76D8278BB66600A02A46 /* Debug */ = {
			isa = XCBuildConfiguration;
			baseConfigurationReference = 5CBAFB9E62E73A5274079936 /* Pods-Bankey.debug.xcconfig */;
			buildSettings = {
				ASSETCATALOG_COMPILER_APPICON_NAME = AppIcon;
				ASSETCATALOG_COMPILER_GLOBAL_ACCENT_COLOR_NAME = AccentColor;
				CODE_SIGN_STYLE = Automatic;
				CURRENT_PROJECT_VERSION = 1;
				GENERATE_INFOPLIST_FILE = YES;
				INFOPLIST_FILE = Bankey/Info.plist;
				INFOPLIST_KEY_UIApplicationSupportsIndirectInputEvents = YES;
				INFOPLIST_KEY_UILaunchStoryboardName = LaunchScreen;
				INFOPLIST_KEY_UISupportedInterfaceOrientations_iPad = "UIInterfaceOrientationPortrait UIInterfaceOrientationPortraitUpsideDown UIInterfaceOrientationLandscapeLeft UIInterfaceOrientationLandscapeRight";
				INFOPLIST_KEY_UISupportedInterfaceOrientations_iPhone = "UIInterfaceOrientationPortrait UIInterfaceOrientationLandscapeLeft UIInterfaceOrientationLandscapeRight";
				LD_RUNPATH_SEARCH_PATHS = (
					"$(inherited)",
					"@executable_path/Frameworks",
				);
				MARKETING_VERSION = 1.0;
				PRODUCT_BUNDLE_IDENTIFIER = com.codewithkyo.Bankey;
				PRODUCT_NAME = "$(TARGET_NAME)";
				SWIFT_EMIT_LOC_STRINGS = YES;
				SWIFT_VERSION = 5.0;
				TARGETED_DEVICE_FAMILY = "1,2";
			};
			name = Debug;
		};
		7B2D76D9278BB66600A02A46 /* Release */ = {
			isa = XCBuildConfiguration;
			baseConfigurationReference = 25773CAC973AAF80980466ED /* Pods-Bankey.release.xcconfig */;
			buildSettings = {
				ASSETCATALOG_COMPILER_APPICON_NAME = AppIcon;
				ASSETCATALOG_COMPILER_GLOBAL_ACCENT_COLOR_NAME = AccentColor;
				CODE_SIGN_STYLE = Automatic;
				CURRENT_PROJECT_VERSION = 1;
				GENERATE_INFOPLIST_FILE = YES;
				INFOPLIST_FILE = Bankey/Info.plist;
				INFOPLIST_KEY_UIApplicationSupportsIndirectInputEvents = YES;
				INFOPLIST_KEY_UILaunchStoryboardName = LaunchScreen;
				INFOPLIST_KEY_UISupportedInterfaceOrientations_iPad = "UIInterfaceOrientationPortrait UIInterfaceOrientationPortraitUpsideDown UIInterfaceOrientationLandscapeLeft UIInterfaceOrientationLandscapeRight";
				INFOPLIST_KEY_UISupportedInterfaceOrientations_iPhone = "UIInterfaceOrientationPortrait UIInterfaceOrientationLandscapeLeft UIInterfaceOrientationLandscapeRight";
				LD_RUNPATH_SEARCH_PATHS = (
					"$(inherited)",
					"@executable_path/Frameworks",
				);
				MARKETING_VERSION = 1.0;
				PRODUCT_BUNDLE_IDENTIFIER = com.codewithkyo.Bankey;
				PRODUCT_NAME = "$(TARGET_NAME)";
				SWIFT_EMIT_LOC_STRINGS = YES;
				SWIFT_VERSION = 5.0;
				TARGETED_DEVICE_FAMILY = "1,2";
			};
			name = Release;
		};
		7B810B8A27B8C3C8001FB218 /* Debug */ = {
			isa = XCBuildConfiguration;
			buildSettings = {
				BUNDLE_LOADER = "$(TEST_HOST)";
				CLANG_ENABLE_MODULES = YES;
				CODE_SIGN_STYLE = Automatic;
				CURRENT_PROJECT_VERSION = 1;
				GENERATE_INFOPLIST_FILE = YES;
				LD_RUNPATH_SEARCH_PATHS = (
					"$(inherited)",
					"@executable_path/Frameworks",
					"@loader_path/Frameworks",
				);
				MARKETING_VERSION = 1.0;
				PRODUCT_BUNDLE_IDENTIFIER = com.codewithkyo.BankeyUnitTests;
				PRODUCT_NAME = "$(TARGET_NAME)";
				SWIFT_EMIT_LOC_STRINGS = NO;
				SWIFT_OPTIMIZATION_LEVEL = "-Onone";
				SWIFT_VERSION = 5.0;
				TARGETED_DEVICE_FAMILY = "1,2";
				TEST_HOST = "$(BUILT_PRODUCTS_DIR)/Bankey.app/Bankey";
			};
			name = Debug;
		};
		7B810B8B27B8C3C8001FB218 /* Release */ = {
			isa = XCBuildConfiguration;
			buildSettings = {
				BUNDLE_LOADER = "$(TEST_HOST)";
				CLANG_ENABLE_MODULES = YES;
				CODE_SIGN_STYLE = Automatic;
				CURRENT_PROJECT_VERSION = 1;
				GENERATE_INFOPLIST_FILE = YES;
				LD_RUNPATH_SEARCH_PATHS = (
					"$(inherited)",
					"@executable_path/Frameworks",
					"@loader_path/Frameworks",
				);
				MARKETING_VERSION = 1.0;
				PRODUCT_BUNDLE_IDENTIFIER = com.codewithkyo.BankeyUnitTests;
				PRODUCT_NAME = "$(TARGET_NAME)";
				SWIFT_EMIT_LOC_STRINGS = NO;
				SWIFT_VERSION = 5.0;
				TARGETED_DEVICE_FAMILY = "1,2";
				TEST_HOST = "$(BUILT_PRODUCTS_DIR)/Bankey.app/Bankey";
			};
			name = Release;
		};
/* End XCBuildConfiguration section */

/* Begin XCConfigurationList section */
		7B2D76BE278BB65E00A02A46 /* Build configuration list for PBXProject "Bankey" */ = {
			isa = XCConfigurationList;
			buildConfigurations = (
				7B2D76D5278BB66600A02A46 /* Debug */,
				7B2D76D6278BB66600A02A46 /* Release */,
			);
			defaultConfigurationIsVisible = 0;
			defaultConfigurationName = Release;
		};
		7B2D76D7278BB66600A02A46 /* Build configuration list for PBXNativeTarget "Bankey" */ = {
			isa = XCConfigurationList;
			buildConfigurations = (
				7B2D76D8278BB66600A02A46 /* Debug */,
				7B2D76D9278BB66600A02A46 /* Release */,
			);
			defaultConfigurationIsVisible = 0;
			defaultConfigurationName = Release;
		};
		7B810B8927B8C3C8001FB218 /* Build configuration list for PBXNativeTarget "BankeyUnitTests" */ = {
			isa = XCConfigurationList;
			buildConfigurations = (
				7B810B8A27B8C3C8001FB218 /* Debug */,
				7B810B8B27B8C3C8001FB218 /* Release */,
			);
			defaultConfigurationIsVisible = 0;
			defaultConfigurationName = Release;
		};
/* End XCConfigurationList section */
	};
	rootObject = 7B2D76BB278BB65E00A02A46 /* Project object */;
}
